// !$*UTF8*$!
{
	archiveVersion = 1;
	classes = {
	};
	objectVersion = 51;
	objects = {

/* Begin PBXBuildFile section */
		0F1E4BC18F8C40608BA1912E /* awsconfiguration.json in Resources */ = {isa = PBXBuildFile; fileRef = F5AD1BD0DD04456A9BAA3A84 /* awsconfiguration.json */; };
		1F46F55C2575E17A005414DE /* MyRecipes.swift in Sources */ = {isa = PBXBuildFile; fileRef = 1F46F55B2575E17A005414DE /* MyRecipes.swift */; };
		1F821330256D653200D29FEE /* Backend.swift in Sources */ = {isa = PBXBuildFile; fileRef = 1F82132F256D653200D29FEE /* Backend.swift */; };
		1F8438B5254D2D19004A27A9 /* Green_RecipesApp.swift in Sources */ = {isa = PBXBuildFile; fileRef = 1F8438B4254D2D19004A27A9 /* Green_RecipesApp.swift */; };
		1F8438B7254D2D19004A27A9 /* ContentView.swift in Sources */ = {isa = PBXBuildFile; fileRef = 1F8438B6254D2D19004A27A9 /* ContentView.swift */; };
		1F8438B9254D2D1A004A27A9 /* Assets.xcassets in Resources */ = {isa = PBXBuildFile; fileRef = 1F8438B8254D2D1A004A27A9 /* Assets.xcassets */; };
		1F8438BC254D2D1A004A27A9 /* Preview Assets.xcassets in Resources */ = {isa = PBXBuildFile; fileRef = 1F8438BB254D2D1A004A27A9 /* Preview Assets.xcassets */; };
		1F8438C7254D2D1A004A27A9 /* Green_RecipesTests.swift in Sources */ = {isa = PBXBuildFile; fileRef = 1F8438C6254D2D1A004A27A9 /* Green_RecipesTests.swift */; };
		1F8438D2254D2D1A004A27A9 /* Green_RecipesUITests.swift in Sources */ = {isa = PBXBuildFile; fileRef = 1F8438D1254D2D1A004A27A9 /* Green_RecipesUITests.swift */; };
		1F8438E4254D2DBB004A27A9 /* HomePage.swift in Sources */ = {isa = PBXBuildFile; fileRef = 1F8438E3254D2DBB004A27A9 /* HomePage.swift */; };
		1F8438ED254D2E8A004A27A9 /* Data.swift in Sources */ = {isa = PBXBuildFile; fileRef = 1F8438EC254D2E8A004A27A9 /* Data.swift */; };
		1F843934254D3E57004A27A9 /* AddRecipe.swift in Sources */ = {isa = PBXBuildFile; fileRef = 1F843933254D3E57004A27A9 /* AddRecipe.swift */; };
		1F843939254D3E8B004A27A9 /* Settings.swift in Sources */ = {isa = PBXBuildFile; fileRef = 1F843938254D3E8B004A27A9 /* Settings.swift */; };
		1F84393F254DF6BB004A27A9 /* RecipesHome.swift in Sources */ = {isa = PBXBuildFile; fileRef = 1F84393E254DF6BB004A27A9 /* RecipesHome.swift */; };
		1F84394A254DF70A004A27A9 /* recipeThumb1.swift in Sources */ = {isa = PBXBuildFile; fileRef = 1F843949254DF70A004A27A9 /* recipeThumb1.swift */; };
		5C7284225351E8AB33B732DB /* Pods_Green_Recipes_Green_RecipesUITests.framework in Frameworks */ = {isa = PBXBuildFile; fileRef = 70B825A8ABBFE20964DD063E /* Pods_Green_Recipes_Green_RecipesUITests.framework */; };
		62708647B49747709C53CDBC /* amplifyconfiguration.json in Resources */ = {isa = PBXBuildFile; fileRef = C34E391B81DD44CD8219A77A /* amplifyconfiguration.json */; };
		B1199B640C7070095A0927BC /* Pods_Green_RecipesTests.framework in Frameworks */ = {isa = PBXBuildFile; fileRef = E49E08B8110C81874B3EE94E /* Pods_Green_RecipesTests.framework */; };
		B163D999259D741100225124 /* ImageCarousel.swift in Sources */ = {isa = PBXBuildFile; fileRef = B163D998259D741100225124 /* ImageCarousel.swift */; };
		B16A1247259112080027FC4F /* Reviews.swift in Sources */ = {isa = PBXBuildFile; fileRef = B16A1246259112080027FC4F /* Reviews.swift */; };
		B16A124F2591C69A0027FC4F /* SignUp.swift in Sources */ = {isa = PBXBuildFile; fileRef = B16A124E2591C69A0027FC4F /* SignUp.swift */; };
		B16A1254259271DB0027FC4F /* VerifyCredentials.swift in Sources */ = {isa = PBXBuildFile; fileRef = B16A1253259271DB0027FC4F /* VerifyCredentials.swift */; };
		B16A125925951A5D0027FC4F /* FavoritesView.swift in Sources */ = {isa = PBXBuildFile; fileRef = B16A125825951A5C0027FC4F /* FavoritesView.swift */; };
		B1A440C6259D2734002A0252 /* PhotoPicker.swift in Sources */ = {isa = PBXBuildFile; fileRef = B1A440C5259D2734002A0252 /* PhotoPicker.swift */; };
		B1A440CB259D36F9002A0252 /* AmplifyStorageManager.swift in Sources */ = {isa = PBXBuildFile; fileRef = B1A440CA259D36F9002A0252 /* AmplifyStorageManager.swift */; };
		B1E81DF8259E51F40059EC28 /* ImageCarouselPreview.swift in Sources */ = {isa = PBXBuildFile; fileRef = B1E81DF7259E51F40059EC28 /* ImageCarouselPreview.swift */; };
		B1E81DFD259E55560059EC28 /* ReviewsSummary.swift in Sources */ = {isa = PBXBuildFile; fileRef = B1E81DFC259E55560059EC28 /* ReviewsSummary.swift */; };
		B1E81E02259E55660059EC28 /* ReviewDetail.swift in Sources */ = {isa = PBXBuildFile; fileRef = B1E81E01259E55660059EC28 /* ReviewDetail.swift */; };
		B1E81E07259E83190059EC28 /* AddReview.swift in Sources */ = {isa = PBXBuildFile; fileRef = B1E81E06259E83190059EC28 /* AddReview.swift */; };
		B1E81E14259E89D70059EC28 /* ReviewStarSummary.swift in Sources */ = {isa = PBXBuildFile; fileRef = B1E81E13259E89D70059EC28 /* ReviewStarSummary.swift */; };
		B1E81E19259E8F460059EC28 /* ReviewShort.swift in Sources */ = {isa = PBXBuildFile; fileRef = B1E81E18259E8F460059EC28 /* ReviewShort.swift */; };
		B1E81E1E259EA5720059EC28 /* StarView.swift in Sources */ = {isa = PBXBuildFile; fileRef = B1E81E1D259EA5720059EC28 /* StarView.swift */; };
		B1E81E2325A25EB20059EC28 /* ProfileDetail.swift in Sources */ = {isa = PBXBuildFile; fileRef = B1E81E2225A25EB20059EC28 /* ProfileDetail.swift */; };
		B1E81E2825A2640E0059EC28 /* ProfileEditView.swift in Sources */ = {isa = PBXBuildFile; fileRef = B1E81E2725A2640E0059EC28 /* ProfileEditView.swift */; };
		B1E81E2E25A2669B0059EC28 /* ProfileDetailForm.swift in Sources */ = {isa = PBXBuildFile; fileRef = B1E81E2D25A2669B0059EC28 /* ProfileDetailForm.swift */; };
		B1F0D60125904DC600BD36EF /* SearchView.swift in Sources */ = {isa = PBXBuildFile; fileRef = B1F0D60025904DC600BD36EF /* SearchView.swift */; };
		B1F0D60625906B6600BD36EF /* RecipeDetail.swift in Sources */ = {isa = PBXBuildFile; fileRef = B1F0D60525906B6600BD36EF /* RecipeDetail.swift */; };
		B1F0EDF625A6E79900397E94 /* RecipeEditView.swift in Sources */ = {isa = PBXBuildFile; fileRef = B1F0EDF525A6E79900397E94 /* RecipeEditView.swift */; };
		E704DDE212D1AF68DF224D64 /* Pods_Green_Recipes.framework in Frameworks */ = {isa = PBXBuildFile; fileRef = F03D5F7797242AD915CC7362 /* Pods_Green_Recipes.framework */; };
/* End PBXBuildFile section */

/* Begin PBXContainerItemProxy section */
		1F8438C3254D2D1A004A27A9 /* PBXContainerItemProxy */ = {
			isa = PBXContainerItemProxy;
			containerPortal = 1F8438A9254D2D19004A27A9 /* Project object */;
			proxyType = 1;
			remoteGlobalIDString = 1F8438B0254D2D19004A27A9;
			remoteInfo = "Green Recipes";
		};
		1F8438CE254D2D1A004A27A9 /* PBXContainerItemProxy */ = {
			isa = PBXContainerItemProxy;
			containerPortal = 1F8438A9254D2D19004A27A9 /* Project object */;
			proxyType = 1;
			remoteGlobalIDString = 1F8438B0254D2D19004A27A9;
			remoteInfo = "Green Recipes";
		};
/* End PBXContainerItemProxy section */

/* Begin PBXFileReference section */
		0D38D65090BBD2FF4D41EB4C /* Pods-Green RecipesTests.release.xcconfig */ = {isa = PBXFileReference; includeInIndex = 1; lastKnownFileType = text.xcconfig; name = "Pods-Green RecipesTests.release.xcconfig"; path = "Target Support Files/Pods-Green RecipesTests/Pods-Green RecipesTests.release.xcconfig"; sourceTree = "<group>"; };
		1F46F55B2575E17A005414DE /* MyRecipes.swift */ = {isa = PBXFileReference; lastKnownFileType = sourcecode.swift; path = MyRecipes.swift; sourceTree = "<group>"; };
		1F82132F256D653200D29FEE /* Backend.swift */ = {isa = PBXFileReference; lastKnownFileType = sourcecode.swift; path = Backend.swift; sourceTree = "<group>"; };
		1F8438B1254D2D19004A27A9 /* Green Recipes.app */ = {isa = PBXFileReference; explicitFileType = wrapper.application; includeInIndex = 0; path = "Green Recipes.app"; sourceTree = BUILT_PRODUCTS_DIR; };
		1F8438B4254D2D19004A27A9 /* Green_RecipesApp.swift */ = {isa = PBXFileReference; lastKnownFileType = sourcecode.swift; path = Green_RecipesApp.swift; sourceTree = "<group>"; };
		1F8438B6254D2D19004A27A9 /* ContentView.swift */ = {isa = PBXFileReference; lastKnownFileType = sourcecode.swift; path = ContentView.swift; sourceTree = "<group>"; };
		1F8438B8254D2D1A004A27A9 /* Assets.xcassets */ = {isa = PBXFileReference; lastKnownFileType = folder.assetcatalog; path = Assets.xcassets; sourceTree = "<group>"; };
		1F8438BB254D2D1A004A27A9 /* Preview Assets.xcassets */ = {isa = PBXFileReference; lastKnownFileType = folder.assetcatalog; path = "Preview Assets.xcassets"; sourceTree = "<group>"; };
		1F8438BD254D2D1A004A27A9 /* Info.plist */ = {isa = PBXFileReference; lastKnownFileType = text.plist.xml; path = Info.plist; sourceTree = "<group>"; };
		1F8438C2254D2D1A004A27A9 /* Green RecipesTests.xctest */ = {isa = PBXFileReference; explicitFileType = wrapper.cfbundle; includeInIndex = 0; path = "Green RecipesTests.xctest"; sourceTree = BUILT_PRODUCTS_DIR; };
		1F8438C6254D2D1A004A27A9 /* Green_RecipesTests.swift */ = {isa = PBXFileReference; lastKnownFileType = sourcecode.swift; path = Green_RecipesTests.swift; sourceTree = "<group>"; };
		1F8438C8254D2D1A004A27A9 /* Info.plist */ = {isa = PBXFileReference; lastKnownFileType = text.plist.xml; path = Info.plist; sourceTree = "<group>"; };
		1F8438CD254D2D1A004A27A9 /* Green RecipesUITests.xctest */ = {isa = PBXFileReference; explicitFileType = wrapper.cfbundle; includeInIndex = 0; path = "Green RecipesUITests.xctest"; sourceTree = BUILT_PRODUCTS_DIR; };
		1F8438D1254D2D1A004A27A9 /* Green_RecipesUITests.swift */ = {isa = PBXFileReference; lastKnownFileType = sourcecode.swift; path = Green_RecipesUITests.swift; sourceTree = "<group>"; };
		1F8438D3254D2D1A004A27A9 /* Info.plist */ = {isa = PBXFileReference; lastKnownFileType = text.plist.xml; path = Info.plist; sourceTree = "<group>"; };
		1F8438E3254D2DBB004A27A9 /* HomePage.swift */ = {isa = PBXFileReference; lastKnownFileType = sourcecode.swift; path = HomePage.swift; sourceTree = "<group>"; };
		1F8438EC254D2E8A004A27A9 /* Data.swift */ = {isa = PBXFileReference; lastKnownFileType = sourcecode.swift; path = Data.swift; sourceTree = "<group>"; };
		1F843933254D3E57004A27A9 /* AddRecipe.swift */ = {isa = PBXFileReference; lastKnownFileType = sourcecode.swift; path = AddRecipe.swift; sourceTree = "<group>"; };
		1F843938254D3E8B004A27A9 /* Settings.swift */ = {isa = PBXFileReference; lastKnownFileType = sourcecode.swift; path = Settings.swift; sourceTree = "<group>"; };
		1F84393E254DF6BB004A27A9 /* RecipesHome.swift */ = {isa = PBXFileReference; lastKnownFileType = sourcecode.swift; path = RecipesHome.swift; sourceTree = "<group>"; };
		1F843949254DF70A004A27A9 /* recipeThumb1.swift */ = {isa = PBXFileReference; lastKnownFileType = sourcecode.swift; path = recipeThumb1.swift; sourceTree = "<group>"; };
		1F9294292574C49800B86AF5 /* Green Recipes.entitlements */ = {isa = PBXFileReference; lastKnownFileType = text.plist.entitlements; path = "Green Recipes.entitlements"; sourceTree = "<group>"; };
		2D7239C58CF735327D4F00C9 /* Pods-Green Recipes-Green RecipesUITests.debug.xcconfig */ = {isa = PBXFileReference; includeInIndex = 1; lastKnownFileType = text.xcconfig; name = "Pods-Green Recipes-Green RecipesUITests.debug.xcconfig"; path = "Target Support Files/Pods-Green Recipes-Green RecipesUITests/Pods-Green Recipes-Green RecipesUITests.debug.xcconfig"; sourceTree = "<group>"; };
		31E3FA2FA05F6F1700ED5B1D /* Pods-Green Recipes.release.xcconfig */ = {isa = PBXFileReference; includeInIndex = 1; lastKnownFileType = text.xcconfig; name = "Pods-Green Recipes.release.xcconfig"; path = "Target Support Files/Pods-Green Recipes/Pods-Green Recipes.release.xcconfig"; sourceTree = "<group>"; };
		66E897F288650F369DCC7F74 /* Pods-Green Recipes.debug.xcconfig */ = {isa = PBXFileReference; includeInIndex = 1; lastKnownFileType = text.xcconfig; name = "Pods-Green Recipes.debug.xcconfig"; path = "Target Support Files/Pods-Green Recipes/Pods-Green Recipes.debug.xcconfig"; sourceTree = "<group>"; };
		70B825A8ABBFE20964DD063E /* Pods_Green_Recipes_Green_RecipesUITests.framework */ = {isa = PBXFileReference; explicitFileType = wrapper.framework; includeInIndex = 0; path = Pods_Green_Recipes_Green_RecipesUITests.framework; sourceTree = BUILT_PRODUCTS_DIR; };
		84C3F2A202E696D06EA11584 /* Pods-Green Recipes-Green RecipesUITests.release.xcconfig */ = {isa = PBXFileReference; includeInIndex = 1; lastKnownFileType = text.xcconfig; name = "Pods-Green Recipes-Green RecipesUITests.release.xcconfig"; path = "Target Support Files/Pods-Green Recipes-Green RecipesUITests/Pods-Green Recipes-Green RecipesUITests.release.xcconfig"; sourceTree = "<group>"; };
		9A3B94E880CA402E8BE8FFC7 /* amplifytools.xcconfig */ = {isa = PBXFileReference; explicitFileType = undefined; fileEncoding = 4; includeInIndex = 0; lastKnownFileType = text.xcconfig; path = amplifytools.xcconfig; sourceTree = "<group>"; };
		9C064A5FAC1E39E9D7297844 /* Pods-Green RecipesTests.debug.xcconfig */ = {isa = PBXFileReference; includeInIndex = 1; lastKnownFileType = text.xcconfig; name = "Pods-Green RecipesTests.debug.xcconfig"; path = "Target Support Files/Pods-Green RecipesTests/Pods-Green RecipesTests.debug.xcconfig"; sourceTree = "<group>"; };
		B163D998259D741100225124 /* ImageCarousel.swift */ = {isa = PBXFileReference; lastKnownFileType = sourcecode.swift; path = ImageCarousel.swift; sourceTree = "<group>"; };
		B16A1246259112080027FC4F /* Reviews.swift */ = {isa = PBXFileReference; lastKnownFileType = sourcecode.swift; path = Reviews.swift; sourceTree = "<group>"; };
		B16A124E2591C69A0027FC4F /* SignUp.swift */ = {isa = PBXFileReference; lastKnownFileType = sourcecode.swift; path = SignUp.swift; sourceTree = "<group>"; };
		B16A1253259271DB0027FC4F /* VerifyCredentials.swift */ = {isa = PBXFileReference; lastKnownFileType = sourcecode.swift; path = VerifyCredentials.swift; sourceTree = "<group>"; };
		B16A125825951A5C0027FC4F /* FavoritesView.swift */ = {isa = PBXFileReference; lastKnownFileType = sourcecode.swift; path = FavoritesView.swift; sourceTree = "<group>"; };
		B1A440C5259D2734002A0252 /* PhotoPicker.swift */ = {isa = PBXFileReference; lastKnownFileType = sourcecode.swift; path = PhotoPicker.swift; sourceTree = "<group>"; };
		B1A440CA259D36F9002A0252 /* AmplifyStorageManager.swift */ = {isa = PBXFileReference; lastKnownFileType = sourcecode.swift; path = AmplifyStorageManager.swift; sourceTree = "<group>"; };
		B1E81DF7259E51F40059EC28 /* ImageCarouselPreview.swift */ = {isa = PBXFileReference; lastKnownFileType = sourcecode.swift; path = ImageCarouselPreview.swift; sourceTree = "<group>"; };
		B1E81DFC259E55560059EC28 /* ReviewsSummary.swift */ = {isa = PBXFileReference; lastKnownFileType = sourcecode.swift; path = ReviewsSummary.swift; sourceTree = "<group>"; };
		B1E81E01259E55660059EC28 /* ReviewDetail.swift */ = {isa = PBXFileReference; lastKnownFileType = sourcecode.swift; path = ReviewDetail.swift; sourceTree = "<group>"; };
		B1E81E06259E83190059EC28 /* AddReview.swift */ = {isa = PBXFileReference; lastKnownFileType = sourcecode.swift; path = AddReview.swift; sourceTree = "<group>"; };
		B1E81E13259E89D70059EC28 /* ReviewStarSummary.swift */ = {isa = PBXFileReference; lastKnownFileType = sourcecode.swift; path = ReviewStarSummary.swift; sourceTree = "<group>"; };
		B1E81E18259E8F460059EC28 /* ReviewShort.swift */ = {isa = PBXFileReference; lastKnownFileType = sourcecode.swift; path = ReviewShort.swift; sourceTree = "<group>"; };
		B1E81E1D259EA5720059EC28 /* StarView.swift */ = {isa = PBXFileReference; lastKnownFileType = sourcecode.swift; path = StarView.swift; sourceTree = "<group>"; };
		B1E81E2225A25EB20059EC28 /* ProfileDetail.swift */ = {isa = PBXFileReference; lastKnownFileType = sourcecode.swift; path = ProfileDetail.swift; sourceTree = "<group>"; };
		B1E81E2725A2640E0059EC28 /* ProfileEditView.swift */ = {isa = PBXFileReference; lastKnownFileType = sourcecode.swift; path = ProfileEditView.swift; sourceTree = "<group>"; };
		B1E81E2D25A2669B0059EC28 /* ProfileDetailForm.swift */ = {isa = PBXFileReference; lastKnownFileType = sourcecode.swift; path = ProfileDetailForm.swift; sourceTree = "<group>"; };
		B1F0D60025904DC600BD36EF /* SearchView.swift */ = {isa = PBXFileReference; lastKnownFileType = sourcecode.swift; path = SearchView.swift; sourceTree = "<group>"; };
		B1F0D60525906B6600BD36EF /* RecipeDetail.swift */ = {isa = PBXFileReference; lastKnownFileType = sourcecode.swift; path = RecipeDetail.swift; sourceTree = "<group>"; };
		B1F0EDF525A6E79900397E94 /* RecipeEditView.swift */ = {isa = PBXFileReference; lastKnownFileType = sourcecode.swift; path = RecipeEditView.swift; sourceTree = "<group>"; };
		C34E391B81DD44CD8219A77A /* amplifyconfiguration.json */ = {isa = PBXFileReference; explicitFileType = undefined; fileEncoding = 9; includeInIndex = 0; lastKnownFileType = unknown; path = amplifyconfiguration.json; sourceTree = "<group>"; };
		E49E08B8110C81874B3EE94E /* Pods_Green_RecipesTests.framework */ = {isa = PBXFileReference; explicitFileType = wrapper.framework; includeInIndex = 0; path = Pods_Green_RecipesTests.framework; sourceTree = BUILT_PRODUCTS_DIR; };
		F03D5F7797242AD915CC7362 /* Pods_Green_Recipes.framework */ = {isa = PBXFileReference; explicitFileType = wrapper.framework; includeInIndex = 0; path = Pods_Green_Recipes.framework; sourceTree = BUILT_PRODUCTS_DIR; };
		F5AD1BD0DD04456A9BAA3A84 /* awsconfiguration.json */ = {isa = PBXFileReference; explicitFileType = undefined; fileEncoding = 9; includeInIndex = 0; lastKnownFileType = unknown; path = awsconfiguration.json; sourceTree = "<group>"; };
/* End PBXFileReference section */

/* Begin PBXFrameworksBuildPhase section */
		1F8438AE254D2D19004A27A9 /* Frameworks */ = {
			isa = PBXFrameworksBuildPhase;
			buildActionMask = 2147483647;
			files = (
				E704DDE212D1AF68DF224D64 /* Pods_Green_Recipes.framework in Frameworks */,
			);
			runOnlyForDeploymentPostprocessing = 0;
		};
		1F8438BF254D2D1A004A27A9 /* Frameworks */ = {
			isa = PBXFrameworksBuildPhase;
			buildActionMask = 2147483647;
			files = (
				B1199B640C7070095A0927BC /* Pods_Green_RecipesTests.framework in Frameworks */,
			);
			runOnlyForDeploymentPostprocessing = 0;
		};
		1F8438CA254D2D1A004A27A9 /* Frameworks */ = {
			isa = PBXFrameworksBuildPhase;
			buildActionMask = 2147483647;
			files = (
				5C7284225351E8AB33B732DB /* Pods_Green_Recipes_Green_RecipesUITests.framework in Frameworks */,
			);
			runOnlyForDeploymentPostprocessing = 0;
		};
/* End PBXFrameworksBuildPhase section */

/* Begin PBXGroup section */
		1F82132E256D5FC700D29FEE /* Network */ = {
			isa = PBXGroup;
			children = (
				1F82132F256D653200D29FEE /* Backend.swift */,
				B1A440CA259D36F9002A0252 /* AmplifyStorageManager.swift */,
			);
			path = Network;
			sourceTree = "<group>";
		};
		1F8438A8254D2D19004A27A9 = {
			isa = PBXGroup;
			children = (
				4A356BB3D23F4DCBB2235AFD /* AmplifyConfig */,
				1F8438B3254D2D19004A27A9 /* Green Recipes */,
				1F8438C5254D2D1A004A27A9 /* Green RecipesTests */,
				1F8438D0254D2D1A004A27A9 /* Green RecipesUITests */,
				1F8438B2254D2D19004A27A9 /* Products */,
				775CD289F418CBA35D7EA72C /* Pods */,
				7CA3551C5EA5BB65DD34FCDE /* Frameworks */,
			);
			sourceTree = "<group>";
		};
		1F8438B2254D2D19004A27A9 /* Products */ = {
			isa = PBXGroup;
			children = (
				1F8438B1254D2D19004A27A9 /* Green Recipes.app */,
				1F8438C2254D2D1A004A27A9 /* Green RecipesTests.xctest */,
				1F8438CD254D2D1A004A27A9 /* Green RecipesUITests.xctest */,
			);
			name = Products;
			sourceTree = "<group>";
		};
		1F8438B3254D2D19004A27A9 /* Green Recipes */ = {
			isa = PBXGroup;
			children = (
				1F9294292574C49800B86AF5 /* Green Recipes.entitlements */,
				1F82132E256D5FC700D29FEE /* Network */,
				1F8438EB254D2E78004A27A9 /* Data&Models */,
				1F8438E2254D2D9A004A27A9 /* Views */,
				1F8438B4254D2D19004A27A9 /* Green_RecipesApp.swift */,
				1F8438B6254D2D19004A27A9 /* ContentView.swift */,
				1F8438B8254D2D1A004A27A9 /* Assets.xcassets */,
				1F8438BD254D2D1A004A27A9 /* Info.plist */,
				1F8438BA254D2D1A004A27A9 /* Preview Content */,
			);
			path = "Green Recipes";
			sourceTree = "<group>";
		};
		1F8438BA254D2D1A004A27A9 /* Preview Content */ = {
			isa = PBXGroup;
			children = (
				1F8438BB254D2D1A004A27A9 /* Preview Assets.xcassets */,
			);
			path = "Preview Content";
			sourceTree = "<group>";
		};
		1F8438C5254D2D1A004A27A9 /* Green RecipesTests */ = {
			isa = PBXGroup;
			children = (
				1F8438C6254D2D1A004A27A9 /* Green_RecipesTests.swift */,
				1F8438C8254D2D1A004A27A9 /* Info.plist */,
			);
			path = "Green RecipesTests";
			sourceTree = "<group>";
		};
		1F8438D0254D2D1A004A27A9 /* Green RecipesUITests */ = {
			isa = PBXGroup;
			children = (
				1F8438D1254D2D1A004A27A9 /* Green_RecipesUITests.swift */,
				1F8438D3254D2D1A004A27A9 /* Info.plist */,
			);
			path = "Green RecipesUITests";
			sourceTree = "<group>";
		};
		1F8438E2254D2D9A004A27A9 /* Views */ = {
			isa = PBXGroup;
			children = (
				1F8438E3254D2DBB004A27A9 /* HomePage.swift */,
				1F843938254D3E8B004A27A9 /* Settings.swift */,
				1F84393E254DF6BB004A27A9 /* RecipesHome.swift */,
				1F46F55B2575E17A005414DE /* MyRecipes.swift */,
				B16A125825951A5C0027FC4F /* FavoritesView.swift */,
				B1F0D60025904DC600BD36EF /* SearchView.swift */,
				1F84393D254DF6A4004A27A9 /* HelperViews */,
			);
			path = Views;
			sourceTree = "<group>";
		};
		1F8438EB254D2E78004A27A9 /* Data&Models */ = {
			isa = PBXGroup;
			children = (
				1F8438EC254D2E8A004A27A9 /* Data.swift */,
				B1A440C5259D2734002A0252 /* PhotoPicker.swift */,
			);
			path = "Data&Models";
			sourceTree = "<group>";
		};
		1F84393D254DF6A4004A27A9 /* HelperViews */ = {
			isa = PBXGroup;
			children = (
				1F843949254DF70A004A27A9 /* recipeThumb1.swift */,
				B1E81E3525A267170059EC28 /* Reviews */,
				B1F0D60525906B6600BD36EF /* RecipeDetail.swift */,
				B16A124E2591C69A0027FC4F /* SignUp.swift */,
				B16A1253259271DB0027FC4F /* VerifyCredentials.swift */,
				B1E81E3625A267370059EC28 /* MyRecipe */,
				B1E81E2C25A266750059EC28 /* Settings_Profile */,
			);
			path = HelperViews;
			sourceTree = "<group>";
		};
		4A356BB3D23F4DCBB2235AFD /* AmplifyConfig */ = {
			isa = PBXGroup;
			children = (
				9A3B94E880CA402E8BE8FFC7 /* amplifytools.xcconfig */,
				C34E391B81DD44CD8219A77A /* amplifyconfiguration.json */,
				F5AD1BD0DD04456A9BAA3A84 /* awsconfiguration.json */,
			);
			name = AmplifyConfig;
			path = .;
			sourceTree = "<group>";
		};
		775CD289F418CBA35D7EA72C /* Pods */ = {
			isa = PBXGroup;
			children = (
				66E897F288650F369DCC7F74 /* Pods-Green Recipes.debug.xcconfig */,
				31E3FA2FA05F6F1700ED5B1D /* Pods-Green Recipes.release.xcconfig */,
				2D7239C58CF735327D4F00C9 /* Pods-Green Recipes-Green RecipesUITests.debug.xcconfig */,
				84C3F2A202E696D06EA11584 /* Pods-Green Recipes-Green RecipesUITests.release.xcconfig */,
				9C064A5FAC1E39E9D7297844 /* Pods-Green RecipesTests.debug.xcconfig */,
				0D38D65090BBD2FF4D41EB4C /* Pods-Green RecipesTests.release.xcconfig */,
			);
			path = Pods;
			sourceTree = "<group>";
		};
		7CA3551C5EA5BB65DD34FCDE /* Frameworks */ = {
			isa = PBXGroup;
			children = (
				F03D5F7797242AD915CC7362 /* Pods_Green_Recipes.framework */,
				70B825A8ABBFE20964DD063E /* Pods_Green_Recipes_Green_RecipesUITests.framework */,
				E49E08B8110C81874B3EE94E /* Pods_Green_RecipesTests.framework */,
			);
			name = Frameworks;
			sourceTree = "<group>";
		};
		B1E81E2C25A266750059EC28 /* Settings_Profile */ = {
			isa = PBXGroup;
			children = (
				B1E81E2225A25EB20059EC28 /* ProfileDetail.swift */,
				B1E81E2725A2640E0059EC28 /* ProfileEditView.swift */,
				B1E81E2D25A2669B0059EC28 /* ProfileDetailForm.swift */,
			);
			path = Settings_Profile;
			sourceTree = "<group>";
		};
		B1E81E3525A267170059EC28 /* Reviews */ = {
			isa = PBXGroup;
			children = (
				B1E81E1D259EA5720059EC28 /* StarView.swift */,
				B1E81E18259E8F460059EC28 /* ReviewShort.swift */,
				B16A1246259112080027FC4F /* Reviews.swift */,
				B1E81DFC259E55560059EC28 /* ReviewsSummary.swift */,
				B1E81E13259E89D70059EC28 /* ReviewStarSummary.swift */,
				B1E81E01259E55660059EC28 /* ReviewDetail.swift */,
				B1E81E06259E83190059EC28 /* AddReview.swift */,
			);
			path = Reviews;
			sourceTree = "<group>";
		};
		B1E81E3625A267370059EC28 /* MyRecipe */ = {
			isa = PBXGroup;
			children = (
				B163D998259D741100225124 /* ImageCarousel.swift */,
				1F843933254D3E57004A27A9 /* AddRecipe.swift */,
				B1F0EDF525A6E79900397E94 /* RecipeEditView.swift */,
				B1E81DF7259E51F40059EC28 /* ImageCarouselPreview.swift */,
			);
			path = MyRecipe;
			sourceTree = "<group>";
		};
/* End PBXGroup section */

/* Begin PBXNativeTarget section */
		1F8438B0254D2D19004A27A9 /* Green Recipes */ = {
			isa = PBXNativeTarget;
			buildConfigurationList = 1F8438D6254D2D1A004A27A9 /* Build configuration list for PBXNativeTarget "Green Recipes" */;
			buildPhases = (
				67A1C2C0547B0502A9EA79D7 /* [CP] Check Pods Manifest.lock */,
				1F8438AD254D2D19004A27A9 /* Sources */,
				1F8438AE254D2D19004A27A9 /* Frameworks */,
				1F8438AF254D2D19004A27A9 /* Resources */,
				A829CA0080DC2DF2941479CC /* [CP] Embed Pods Frameworks */,
			);
			buildRules = (
			);
			dependencies = (
			);
			name = "Green Recipes";
			productName = "Green Recipes";
			productReference = 1F8438B1254D2D19004A27A9 /* Green Recipes.app */;
			productType = "com.apple.product-type.application";
		};
		1F8438C1254D2D1A004A27A9 /* Green RecipesTests */ = {
			isa = PBXNativeTarget;
			buildConfigurationList = 1F8438D9254D2D1A004A27A9 /* Build configuration list for PBXNativeTarget "Green RecipesTests" */;
			buildPhases = (
				850363017D1BED3A5B09C48E /* [CP] Check Pods Manifest.lock */,
				1F8438BE254D2D1A004A27A9 /* Sources */,
				1F8438BF254D2D1A004A27A9 /* Frameworks */,
				1F8438C0254D2D1A004A27A9 /* Resources */,
			);
			buildRules = (
			);
			dependencies = (
				1F8438C4254D2D1A004A27A9 /* PBXTargetDependency */,
			);
			name = "Green RecipesTests";
			productName = "Green RecipesTests";
			productReference = 1F8438C2254D2D1A004A27A9 /* Green RecipesTests.xctest */;
			productType = "com.apple.product-type.bundle.unit-test";
		};
		1F8438CC254D2D1A004A27A9 /* Green RecipesUITests */ = {
			isa = PBXNativeTarget;
			buildConfigurationList = 1F8438DC254D2D1A004A27A9 /* Build configuration list for PBXNativeTarget "Green RecipesUITests" */;
			buildPhases = (
				548E380EDAE1D15D1C71403C /* [CP] Check Pods Manifest.lock */,
				1F8438C9254D2D1A004A27A9 /* Sources */,
				1F8438CA254D2D1A004A27A9 /* Frameworks */,
				1F8438CB254D2D1A004A27A9 /* Resources */,
				37C411F68374DA188C3128B4 /* [CP] Embed Pods Frameworks */,
			);
			buildRules = (
			);
			dependencies = (
				1F8438CF254D2D1A004A27A9 /* PBXTargetDependency */,
			);
			name = "Green RecipesUITests";
			productName = "Green RecipesUITests";
			productReference = 1F8438CD254D2D1A004A27A9 /* Green RecipesUITests.xctest */;
			productType = "com.apple.product-type.bundle.ui-testing";
		};
/* End PBXNativeTarget section */

/* Begin PBXProject section */
		1F8438A9254D2D19004A27A9 /* Project object */ = {
			isa = PBXProject;
			attributes = {
				LastSwiftUpdateCheck = 1210;
				LastUpgradeCheck = 1210;
				TargetAttributes = {
					1F8438B0254D2D19004A27A9 = {
						CreatedOnToolsVersion = 12.1;
					};
					1F8438C1254D2D1A004A27A9 = {
						CreatedOnToolsVersion = 12.1;
						TestTargetID = 1F8438B0254D2D19004A27A9;
					};
					1F8438CC254D2D1A004A27A9 = {
						CreatedOnToolsVersion = 12.1;
						TestTargetID = 1F8438B0254D2D19004A27A9;
					};
				};
			};
			buildConfigurationList = 1F8438AC254D2D19004A27A9 /* Build configuration list for PBXProject "Green Recipes" */;
			compatibilityVersion = "Xcode 9.3";
			developmentRegion = en;
			hasScannedForEncodings = 0;
			knownRegions = (
				en,
				Base,
			);
			mainGroup = 1F8438A8254D2D19004A27A9;
			productRefGroup = 1F8438B2254D2D19004A27A9 /* Products */;
			projectDirPath = "";
			projectRoot = "";
			targets = (
				1F8438B0254D2D19004A27A9 /* Green Recipes */,
				1F8438C1254D2D1A004A27A9 /* Green RecipesTests */,
				1F8438CC254D2D1A004A27A9 /* Green RecipesUITests */,
			);
		};
/* End PBXProject section */

/* Begin PBXResourcesBuildPhase section */
		1F8438AF254D2D19004A27A9 /* Resources */ = {
			isa = PBXResourcesBuildPhase;
			buildActionMask = 2147483647;
			files = (
				1F8438BC254D2D1A004A27A9 /* Preview Assets.xcassets in Resources */,
				1F8438B9254D2D1A004A27A9 /* Assets.xcassets in Resources */,
				62708647B49747709C53CDBC /* amplifyconfiguration.json in Resources */,
				0F1E4BC18F8C40608BA1912E /* awsconfiguration.json in Resources */,
			);
			runOnlyForDeploymentPostprocessing = 0;
		};
		1F8438C0254D2D1A004A27A9 /* Resources */ = {
			isa = PBXResourcesBuildPhase;
			buildActionMask = 2147483647;
			files = (
			);
			runOnlyForDeploymentPostprocessing = 0;
		};
		1F8438CB254D2D1A004A27A9 /* Resources */ = {
			isa = PBXResourcesBuildPhase;
			buildActionMask = 2147483647;
			files = (
			);
			runOnlyForDeploymentPostprocessing = 0;
		};
/* End PBXResourcesBuildPhase section */

/* Begin PBXShellScriptBuildPhase section */
		37C411F68374DA188C3128B4 /* [CP] Embed Pods Frameworks */ = {
			isa = PBXShellScriptBuildPhase;
			buildActionMask = 2147483647;
			files = (
			);
			inputFileListPaths = (
				"${PODS_ROOT}/Target Support Files/Pods-Green Recipes-Green RecipesUITests/Pods-Green Recipes-Green RecipesUITests-frameworks-${CONFIGURATION}-input-files.xcfilelist",
			);
			name = "[CP] Embed Pods Frameworks";
			outputFileListPaths = (
				"${PODS_ROOT}/Target Support Files/Pods-Green Recipes-Green RecipesUITests/Pods-Green Recipes-Green RecipesUITests-frameworks-${CONFIGURATION}-output-files.xcfilelist",
			);
			runOnlyForDeploymentPostprocessing = 0;
			shellPath = /bin/sh;
			shellScript = "\"${PODS_ROOT}/Target Support Files/Pods-Green Recipes-Green RecipesUITests/Pods-Green Recipes-Green RecipesUITests-frameworks.sh\"\n";
			showEnvVarsInLog = 0;
		};
		548E380EDAE1D15D1C71403C /* [CP] Check Pods Manifest.lock */ = {
			isa = PBXShellScriptBuildPhase;
			buildActionMask = 2147483647;
			files = (
			);
			inputFileListPaths = (
			);
			inputPaths = (
				"${PODS_PODFILE_DIR_PATH}/Podfile.lock",
				"${PODS_ROOT}/Manifest.lock",
			);
			name = "[CP] Check Pods Manifest.lock";
			outputFileListPaths = (
			);
			outputPaths = (
				"$(DERIVED_FILE_DIR)/Pods-Green Recipes-Green RecipesUITests-checkManifestLockResult.txt",
			);
			runOnlyForDeploymentPostprocessing = 0;
			shellPath = /bin/sh;
			shellScript = "diff \"${PODS_PODFILE_DIR_PATH}/Podfile.lock\" \"${PODS_ROOT}/Manifest.lock\" > /dev/null\nif [ $? != 0 ] ; then\n    # print error to STDERR\n    echo \"error: The sandbox is not in sync with the Podfile.lock. Run 'pod install' or update your CocoaPods installation.\" >&2\n    exit 1\nfi\n# This output is used by Xcode 'outputs' to avoid re-running this script phase.\necho \"SUCCESS\" > \"${SCRIPT_OUTPUT_FILE_0}\"\n";
			showEnvVarsInLog = 0;
		};
		67A1C2C0547B0502A9EA79D7 /* [CP] Check Pods Manifest.lock */ = {
			isa = PBXShellScriptBuildPhase;
			buildActionMask = 2147483647;
			files = (
			);
			inputFileListPaths = (
			);
			inputPaths = (
				"${PODS_PODFILE_DIR_PATH}/Podfile.lock",
				"${PODS_ROOT}/Manifest.lock",
			);
			name = "[CP] Check Pods Manifest.lock";
			outputFileListPaths = (
			);
			outputPaths = (
				"$(DERIVED_FILE_DIR)/Pods-Green Recipes-checkManifestLockResult.txt",
			);
			runOnlyForDeploymentPostprocessing = 0;
			shellPath = /bin/sh;
			shellScript = "diff \"${PODS_PODFILE_DIR_PATH}/Podfile.lock\" \"${PODS_ROOT}/Manifest.lock\" > /dev/null\nif [ $? != 0 ] ; then\n    # print error to STDERR\n    echo \"error: The sandbox is not in sync with the Podfile.lock. Run 'pod install' or update your CocoaPods installation.\" >&2\n    exit 1\nfi\n# This output is used by Xcode 'outputs' to avoid re-running this script phase.\necho \"SUCCESS\" > \"${SCRIPT_OUTPUT_FILE_0}\"\n";
			showEnvVarsInLog = 0;
		};
		850363017D1BED3A5B09C48E /* [CP] Check Pods Manifest.lock */ = {
			isa = PBXShellScriptBuildPhase;
			buildActionMask = 2147483647;
			files = (
			);
			inputFileListPaths = (
			);
			inputPaths = (
				"${PODS_PODFILE_DIR_PATH}/Podfile.lock",
				"${PODS_ROOT}/Manifest.lock",
			);
			name = "[CP] Check Pods Manifest.lock";
			outputFileListPaths = (
			);
			outputPaths = (
				"$(DERIVED_FILE_DIR)/Pods-Green RecipesTests-checkManifestLockResult.txt",
			);
			runOnlyForDeploymentPostprocessing = 0;
			shellPath = /bin/sh;
			shellScript = "diff \"${PODS_PODFILE_DIR_PATH}/Podfile.lock\" \"${PODS_ROOT}/Manifest.lock\" > /dev/null\nif [ $? != 0 ] ; then\n    # print error to STDERR\n    echo \"error: The sandbox is not in sync with the Podfile.lock. Run 'pod install' or update your CocoaPods installation.\" >&2\n    exit 1\nfi\n# This output is used by Xcode 'outputs' to avoid re-running this script phase.\necho \"SUCCESS\" > \"${SCRIPT_OUTPUT_FILE_0}\"\n";
			showEnvVarsInLog = 0;
		};
		A829CA0080DC2DF2941479CC /* [CP] Embed Pods Frameworks */ = {
			isa = PBXShellScriptBuildPhase;
			buildActionMask = 2147483647;
			files = (
			);
			inputFileListPaths = (
				"${PODS_ROOT}/Target Support Files/Pods-Green Recipes/Pods-Green Recipes-frameworks-${CONFIGURATION}-input-files.xcfilelist",
			);
			name = "[CP] Embed Pods Frameworks";
			outputFileListPaths = (
				"${PODS_ROOT}/Target Support Files/Pods-Green Recipes/Pods-Green Recipes-frameworks-${CONFIGURATION}-output-files.xcfilelist",
			);
			runOnlyForDeploymentPostprocessing = 0;
			shellPath = /bin/sh;
			shellScript = "\"${PODS_ROOT}/Target Support Files/Pods-Green Recipes/Pods-Green Recipes-frameworks.sh\"\n";
			showEnvVarsInLog = 0;
		};
/* End PBXShellScriptBuildPhase section */

/* Begin PBXSourcesBuildPhase section */
		1F8438AD254D2D19004A27A9 /* Sources */ = {
			isa = PBXSourcesBuildPhase;
			buildActionMask = 2147483647;
			files = (
				B1F0EDF625A6E79900397E94 /* RecipeEditView.swift in Sources */,
				B1E81E02259E55660059EC28 /* ReviewDetail.swift in Sources */,
				B16A1247259112080027FC4F /* Reviews.swift in Sources */,
				B1E81E2825A2640E0059EC28 /* ProfileEditView.swift in Sources */,
				B1E81E1E259EA5720059EC28 /* StarView.swift in Sources */,
				1F843939254D3E8B004A27A9 /* Settings.swift in Sources */,
				1F843934254D3E57004A27A9 /* AddRecipe.swift in Sources */,
				B1E81DFD259E55560059EC28 /* ReviewsSummary.swift in Sources */,
				1F821330256D653200D29FEE /* Backend.swift in Sources */,
				1F84393F254DF6BB004A27A9 /* RecipesHome.swift in Sources */,
				B1F0D60625906B6600BD36EF /* RecipeDetail.swift in Sources */,
				1F8438B7254D2D19004A27A9 /* ContentView.swift in Sources */,
				B16A124F2591C69A0027FC4F /* SignUp.swift in Sources */,
				1F46F55C2575E17A005414DE /* MyRecipes.swift in Sources */,
				B1E81E07259E83190059EC28 /* AddReview.swift in Sources */,
				B1E81E2325A25EB20059EC28 /* ProfileDetail.swift in Sources */,
				B1E81E2E25A2669B0059EC28 /* ProfileDetailForm.swift in Sources */,
				B1E81E14259E89D70059EC28 /* ReviewStarSummary.swift in Sources */,
				B1E81E19259E8F460059EC28 /* ReviewShort.swift in Sources */,
				B16A1254259271DB0027FC4F /* VerifyCredentials.swift in Sources */,
				1F8438E4254D2DBB004A27A9 /* HomePage.swift in Sources */,
				B1A440C6259D2734002A0252 /* PhotoPicker.swift in Sources */,
				B1E81DF8259E51F40059EC28 /* ImageCarouselPreview.swift in Sources */,
				1F8438B5254D2D19004A27A9 /* Green_RecipesApp.swift in Sources */,
				B16A125925951A5D0027FC4F /* FavoritesView.swift in Sources */,
				B163D999259D741100225124 /* ImageCarousel.swift in Sources */,
				1F84394A254DF70A004A27A9 /* recipeThumb1.swift in Sources */,
				1F8438ED254D2E8A004A27A9 /* Data.swift in Sources */,
				B1A440CB259D36F9002A0252 /* AmplifyStorageManager.swift in Sources */,
				B1F0D60125904DC600BD36EF /* SearchView.swift in Sources */,
			);
			runOnlyForDeploymentPostprocessing = 0;
		};
		1F8438BE254D2D1A004A27A9 /* Sources */ = {
			isa = PBXSourcesBuildPhase;
			buildActionMask = 2147483647;
			files = (
				1F8438C7254D2D1A004A27A9 /* Green_RecipesTests.swift in Sources */,
			);
			runOnlyForDeploymentPostprocessing = 0;
		};
		1F8438C9254D2D1A004A27A9 /* Sources */ = {
			isa = PBXSourcesBuildPhase;
			buildActionMask = 2147483647;
			files = (
				1F8438D2254D2D1A004A27A9 /* Green_RecipesUITests.swift in Sources */,
			);
			runOnlyForDeploymentPostprocessing = 0;
		};
/* End PBXSourcesBuildPhase section */

/* Begin PBXTargetDependency section */
		1F8438C4254D2D1A004A27A9 /* PBXTargetDependency */ = {
			isa = PBXTargetDependency;
			target = 1F8438B0254D2D19004A27A9 /* Green Recipes */;
			targetProxy = 1F8438C3254D2D1A004A27A9 /* PBXContainerItemProxy */;
		};
		1F8438CF254D2D1A004A27A9 /* PBXTargetDependency */ = {
			isa = PBXTargetDependency;
			target = 1F8438B0254D2D19004A27A9 /* Green Recipes */;
			targetProxy = 1F8438CE254D2D1A004A27A9 /* PBXContainerItemProxy */;
		};
/* End PBXTargetDependency section */

/* Begin XCBuildConfiguration section */
		1F8438D4254D2D1A004A27A9 /* Debug */ = {
			isa = XCBuildConfiguration;
			buildSettings = {
				ALWAYS_SEARCH_USER_PATHS = NO;
				CLANG_ANALYZER_NONNULL = YES;
				CLANG_ANALYZER_NUMBER_OBJECT_CONVERSION = YES_AGGRESSIVE;
				CLANG_CXX_LANGUAGE_STANDARD = "gnu++14";
				CLANG_CXX_LIBRARY = "libc++";
				CLANG_ENABLE_MODULES = YES;
				CLANG_ENABLE_OBJC_ARC = YES;
				CLANG_ENABLE_OBJC_WEAK = YES;
				CLANG_WARN_BLOCK_CAPTURE_AUTORELEASING = YES;
				CLANG_WARN_BOOL_CONVERSION = YES;
				CLANG_WARN_COMMA = YES;
				CLANG_WARN_CONSTANT_CONVERSION = YES;
				CLANG_WARN_DEPRECATED_OBJC_IMPLEMENTATIONS = YES;
				CLANG_WARN_DIRECT_OBJC_ISA_USAGE = YES_ERROR;
				CLANG_WARN_DOCUMENTATION_COMMENTS = YES;
				CLANG_WARN_EMPTY_BODY = YES;
				CLANG_WARN_ENUM_CONVERSION = YES;
				CLANG_WARN_INFINITE_RECURSION = YES;
				CLANG_WARN_INT_CONVERSION = YES;
				CLANG_WARN_NON_LITERAL_NULL_CONVERSION = YES;
				CLANG_WARN_OBJC_IMPLICIT_RETAIN_SELF = YES;
				CLANG_WARN_OBJC_LITERAL_CONVERSION = YES;
				CLANG_WARN_OBJC_ROOT_CLASS = YES_ERROR;
				CLANG_WARN_QUOTED_INCLUDE_IN_FRAMEWORK_HEADER = YES;
				CLANG_WARN_RANGE_LOOP_ANALYSIS = YES;
				CLANG_WARN_STRICT_PROTOTYPES = YES;
				CLANG_WARN_SUSPICIOUS_MOVE = YES;
				CLANG_WARN_UNGUARDED_AVAILABILITY = YES_AGGRESSIVE;
				CLANG_WARN_UNREACHABLE_CODE = YES;
				CLANG_WARN__DUPLICATE_METHOD_MATCH = YES;
				COPY_PHASE_STRIP = NO;
				DEBUG_INFORMATION_FORMAT = dwarf;
				ENABLE_STRICT_OBJC_MSGSEND = YES;
				ENABLE_TESTABILITY = YES;
				GCC_C_LANGUAGE_STANDARD = gnu11;
				GCC_DYNAMIC_NO_PIC = NO;
				GCC_NO_COMMON_BLOCKS = YES;
				GCC_OPTIMIZATION_LEVEL = 0;
				GCC_PREPROCESSOR_DEFINITIONS = (
					"DEBUG=1",
					"$(inherited)",
				);
				GCC_WARN_64_TO_32_BIT_CONVERSION = YES;
				GCC_WARN_ABOUT_RETURN_TYPE = YES_ERROR;
				GCC_WARN_UNDECLARED_SELECTOR = YES;
				GCC_WARN_UNINITIALIZED_AUTOS = YES_AGGRESSIVE;
				GCC_WARN_UNUSED_FUNCTION = YES;
				GCC_WARN_UNUSED_VARIABLE = YES;
				IPHONEOS_DEPLOYMENT_TARGET = 14.1;
				MTL_ENABLE_DEBUG_INFO = INCLUDE_SOURCE;
				MTL_FAST_MATH = YES;
				ONLY_ACTIVE_ARCH = YES;
				SDKROOT = iphoneos;
				SWIFT_ACTIVE_COMPILATION_CONDITIONS = DEBUG;
				SWIFT_OPTIMIZATION_LEVEL = "-Onone";
			};
			name = Debug;
		};
		1F8438D5254D2D1A004A27A9 /* Release */ = {
			isa = XCBuildConfiguration;
			buildSettings = {
				ALWAYS_SEARCH_USER_PATHS = NO;
				CLANG_ANALYZER_NONNULL = YES;
				CLANG_ANALYZER_NUMBER_OBJECT_CONVERSION = YES_AGGRESSIVE;
				CLANG_CXX_LANGUAGE_STANDARD = "gnu++14";
				CLANG_CXX_LIBRARY = "libc++";
				CLANG_ENABLE_MODULES = YES;
				CLANG_ENABLE_OBJC_ARC = YES;
				CLANG_ENABLE_OBJC_WEAK = YES;
				CLANG_WARN_BLOCK_CAPTURE_AUTORELEASING = YES;
				CLANG_WARN_BOOL_CONVERSION = YES;
				CLANG_WARN_COMMA = YES;
				CLANG_WARN_CONSTANT_CONVERSION = YES;
				CLANG_WARN_DEPRECATED_OBJC_IMPLEMENTATIONS = YES;
				CLANG_WARN_DIRECT_OBJC_ISA_USAGE = YES_ERROR;
				CLANG_WARN_DOCUMENTATION_COMMENTS = YES;
				CLANG_WARN_EMPTY_BODY = YES;
				CLANG_WARN_ENUM_CONVERSION = YES;
				CLANG_WARN_INFINITE_RECURSION = YES;
				CLANG_WARN_INT_CONVERSION = YES;
				CLANG_WARN_NON_LITERAL_NULL_CONVERSION = YES;
				CLANG_WARN_OBJC_IMPLICIT_RETAIN_SELF = YES;
				CLANG_WARN_OBJC_LITERAL_CONVERSION = YES;
				CLANG_WARN_OBJC_ROOT_CLASS = YES_ERROR;
				CLANG_WARN_QUOTED_INCLUDE_IN_FRAMEWORK_HEADER = YES;
				CLANG_WARN_RANGE_LOOP_ANALYSIS = YES;
				CLANG_WARN_STRICT_PROTOTYPES = YES;
				CLANG_WARN_SUSPICIOUS_MOVE = YES;
				CLANG_WARN_UNGUARDED_AVAILABILITY = YES_AGGRESSIVE;
				CLANG_WARN_UNREACHABLE_CODE = YES;
				CLANG_WARN__DUPLICATE_METHOD_MATCH = YES;
				COPY_PHASE_STRIP = NO;
				DEBUG_INFORMATION_FORMAT = "dwarf-with-dsym";
				ENABLE_NS_ASSERTIONS = NO;
				ENABLE_STRICT_OBJC_MSGSEND = YES;
				GCC_C_LANGUAGE_STANDARD = gnu11;
				GCC_NO_COMMON_BLOCKS = YES;
				GCC_WARN_64_TO_32_BIT_CONVERSION = YES;
				GCC_WARN_ABOUT_RETURN_TYPE = YES_ERROR;
				GCC_WARN_UNDECLARED_SELECTOR = YES;
				GCC_WARN_UNINITIALIZED_AUTOS = YES_AGGRESSIVE;
				GCC_WARN_UNUSED_FUNCTION = YES;
				GCC_WARN_UNUSED_VARIABLE = YES;
				IPHONEOS_DEPLOYMENT_TARGET = 14.1;
				MTL_ENABLE_DEBUG_INFO = NO;
				MTL_FAST_MATH = YES;
				SDKROOT = iphoneos;
				SWIFT_COMPILATION_MODE = wholemodule;
				SWIFT_OPTIMIZATION_LEVEL = "-O";
				VALIDATE_PRODUCT = YES;
			};
			name = Release;
		};
		1F8438D7254D2D1A004A27A9 /* Debug */ = {
			isa = XCBuildConfiguration;
			baseConfigurationReference = 66E897F288650F369DCC7F74 /* Pods-Green Recipes.debug.xcconfig */;
			buildSettings = {
				ASSETCATALOG_COMPILER_APPICON_NAME = AppIcon;
				ASSETCATALOG_COMPILER_GLOBAL_ACCENT_COLOR_NAME = AccentColor;
				CODE_SIGN_ENTITLEMENTS = "Green Recipes/Green Recipes.entitlements";
				CODE_SIGN_STYLE = Automatic;
				DEVELOPMENT_ASSET_PATHS = "\"Green Recipes/Preview Content\"";
				DEVELOPMENT_TEAM = C5978J5948;
				ENABLE_PREVIEWS = YES;
				INFOPLIST_FILE = "Green Recipes/Info.plist";
				IPHONEOS_DEPLOYMENT_TARGET = 14.0;
				LD_RUNPATH_SEARCH_PATHS = (
					"$(inherited)",
					"@executable_path/Frameworks",
				);
				PRODUCT_BUNDLE_IDENTIFIER = "ganeshComp.Green-Recipes";
				PRODUCT_NAME = "$(TARGET_NAME)";
				SWIFT_VERSION = 5.0;
				TARGETED_DEVICE_FAMILY = "1,2";
			};
			name = Debug;
		};
		1F8438D8254D2D1A004A27A9 /* Release */ = {
			isa = XCBuildConfiguration;
			baseConfigurationReference = 31E3FA2FA05F6F1700ED5B1D /* Pods-Green Recipes.release.xcconfig */;
			buildSettings = {
				ASSETCATALOG_COMPILER_APPICON_NAME = AppIcon;
				ASSETCATALOG_COMPILER_GLOBAL_ACCENT_COLOR_NAME = AccentColor;
				CODE_SIGN_ENTITLEMENTS = "Green Recipes/Green Recipes.entitlements";
				CODE_SIGN_STYLE = Automatic;
				DEVELOPMENT_ASSET_PATHS = "\"Green Recipes/Preview Content\"";
				DEVELOPMENT_TEAM = C5978J5948;
				ENABLE_PREVIEWS = YES;
				INFOPLIST_FILE = "Green Recipes/Info.plist";
				IPHONEOS_DEPLOYMENT_TARGET = 14.0;
				LD_RUNPATH_SEARCH_PATHS = (
					"$(inherited)",
					"@executable_path/Frameworks",
				);
				PRODUCT_BUNDLE_IDENTIFIER = "ganeshComp.Green-Recipes";
				PRODUCT_NAME = "$(TARGET_NAME)";
				SWIFT_VERSION = 5.0;
				TARGETED_DEVICE_FAMILY = "1,2";
			};
			name = Release;
		};
		1F8438DA254D2D1A004A27A9 /* Debug */ = {
			isa = XCBuildConfiguration;
			baseConfigurationReference = 9C064A5FAC1E39E9D7297844 /* Pods-Green RecipesTests.debug.xcconfig */;
			buildSettings = {
				ALWAYS_EMBED_SWIFT_STANDARD_LIBRARIES = YES;
				BUNDLE_LOADER = "$(TEST_HOST)";
				CODE_SIGN_STYLE = Automatic;
				DEVELOPMENT_TEAM = C5978J5948;
				INFOPLIST_FILE = "Green RecipesTests/Info.plist";
				IPHONEOS_DEPLOYMENT_TARGET = 14.0;
				LD_RUNPATH_SEARCH_PATHS = (
					"$(inherited)",
					"@executable_path/Frameworks",
					"@loader_path/Frameworks",
				);
				PRODUCT_BUNDLE_IDENTIFIER = "ganeshComp.Green-RecipesTests";
				PRODUCT_NAME = "$(TARGET_NAME)";
				SWIFT_VERSION = 5.0;
				TARGETED_DEVICE_FAMILY = "1,2";
				TEST_HOST = "$(BUILT_PRODUCTS_DIR)/Green Recipes.app/Green Recipes";
			};
			name = Debug;
		};
		1F8438DB254D2D1A004A27A9 /* Release */ = {
			isa = XCBuildConfiguration;
			baseConfigurationReference = 0D38D65090BBD2FF4D41EB4C /* Pods-Green RecipesTests.release.xcconfig */;
			buildSettings = {
				ALWAYS_EMBED_SWIFT_STANDARD_LIBRARIES = YES;
				BUNDLE_LOADER = "$(TEST_HOST)";
				CODE_SIGN_STYLE = Automatic;
				DEVELOPMENT_TEAM = C5978J5948;
				INFOPLIST_FILE = "Green RecipesTests/Info.plist";
				IPHONEOS_DEPLOYMENT_TARGET = 14.0;
				LD_RUNPATH_SEARCH_PATHS = (
					"$(inherited)",
					"@executable_path/Frameworks",
					"@loader_path/Frameworks",
				);
				PRODUCT_BUNDLE_IDENTIFIER = "ganeshComp.Green-RecipesTests";
				PRODUCT_NAME = "$(TARGET_NAME)";
				SWIFT_VERSION = 5.0;
				TARGETED_DEVICE_FAMILY = "1,2";
				TEST_HOST = "$(BUILT_PRODUCTS_DIR)/Green Recipes.app/Green Recipes";
			};
			name = Release;
		};
		1F8438DD254D2D1A004A27A9 /* Debug */ = {
			isa = XCBuildConfiguration;
			baseConfigurationReference = 2D7239C58CF735327D4F00C9 /* Pods-Green Recipes-Green RecipesUITests.debug.xcconfig */;
			buildSettings = {
				ALWAYS_EMBED_SWIFT_STANDARD_LIBRARIES = YES;
				CODE_SIGN_STYLE = Automatic;
				DEVELOPMENT_TEAM = C5978J5948;
				INFOPLIST_FILE = "Green RecipesUITests/Info.plist";
				LD_RUNPATH_SEARCH_PATHS = (
					"$(inherited)",
					"@executable_path/Frameworks",
					"@loader_path/Frameworks",
				);
				PRODUCT_BUNDLE_IDENTIFIER = "ganeshComp.Green-RecipesUITests";
				PRODUCT_NAME = "$(TARGET_NAME)";
				SWIFT_VERSION = 5.0;
				TARGETED_DEVICE_FAMILY = "1,2";
				TEST_TARGET_NAME = "Green Recipes";
			};
			name = Debug;
		};
		1F8438DE254D2D1A004A27A9 /* Release */ = {
			isa = XCBuildConfiguration;
			baseConfigurationReference = 84C3F2A202E696D06EA11584 /* Pods-Green Recipes-Green RecipesUITests.release.xcconfig */;
			buildSettings = {
				ALWAYS_EMBED_SWIFT_STANDARD_LIBRARIES = YES;
				CODE_SIGN_STYLE = Automatic;
				DEVELOPMENT_TEAM = C5978J5948;
				INFOPLIST_FILE = "Green RecipesUITests/Info.plist";
				LD_RUNPATH_SEARCH_PATHS = (
					"$(inherited)",
					"@executable_path/Frameworks",
					"@loader_path/Frameworks",
				);
				PRODUCT_BUNDLE_IDENTIFIER = "ganeshComp.Green-RecipesUITests";
				PRODUCT_NAME = "$(TARGET_NAME)";
				SWIFT_VERSION = 5.0;
				TARGETED_DEVICE_FAMILY = "1,2";
				TEST_TARGET_NAME = "Green Recipes";
			};
			name = Release;
		};
/* End XCBuildConfiguration section */

/* Begin XCConfigurationList section */
		1F8438AC254D2D19004A27A9 /* Build configuration list for PBXProject "Green Recipes" */ = {
			isa = XCConfigurationList;
			buildConfigurations = (
				1F8438D4254D2D1A004A27A9 /* Debug */,
				1F8438D5254D2D1A004A27A9 /* Release */,
			);
			defaultConfigurationIsVisible = 0;
			defaultConfigurationName = Release;
		};
		1F8438D6254D2D1A004A27A9 /* Build configuration list for PBXNativeTarget "Green Recipes" */ = {
			isa = XCConfigurationList;
			buildConfigurations = (
				1F8438D7254D2D1A004A27A9 /* Debug */,
				1F8438D8254D2D1A004A27A9 /* Release */,
			);
			defaultConfigurationIsVisible = 0;
			defaultConfigurationName = Release;
		};
		1F8438D9254D2D1A004A27A9 /* Build configuration list for PBXNativeTarget "Green RecipesTests" */ = {
			isa = XCConfigurationList;
			buildConfigurations = (
				1F8438DA254D2D1A004A27A9 /* Debug */,
				1F8438DB254D2D1A004A27A9 /* Release */,
			);
			defaultConfigurationIsVisible = 0;
			defaultConfigurationName = Release;
		};
		1F8438DC254D2D1A004A27A9 /* Build configuration list for PBXNativeTarget "Green RecipesUITests" */ = {
			isa = XCConfigurationList;
			buildConfigurations = (
				1F8438DD254D2D1A004A27A9 /* Debug */,
				1F8438DE254D2D1A004A27A9 /* Release */,
			);
			defaultConfigurationIsVisible = 0;
			defaultConfigurationName = Release;
		};
/* End XCConfigurationList section */
	};
	rootObject = 1F8438A9254D2D19004A27A9 /* Project object */;
}
